
Microsoft Visual Studio Solution File, Format Version 12.00
# Visual Studio Version 17
VisualStudioVersion = 17.6.33829.357
MinimumVisualStudioVersion = 10.0.40219.1
Project("{9A19103F-16F7-4668-BE54-9A1E7A4F7556}") = "TableLibTests", "..\tests\TableLibTests\TableLibTests.csproj", "{B84D6333-5F96-4536-A347-A3FD5F171E0B}"
EndProject
Project("{9A19103F-16F7-4668-BE54-9A1E7A4F7556}") = "TableUiAdapter", "grasshopper\TableUiAdapter\TableUiAdapter.csproj", "{F432D0A9-C3F3-424F-A5EF-6E69034A547F}"
EndProject
Project("{9A19103F-16F7-4668-BE54-9A1E7A4F7556}") = "TableUiReceiver", "receiver\TableUiReceiver.csproj", "{E8C83CD0-3726-4499-B264-62D2DB933068}"
EndProject
Project("{9A19103F-16F7-4668-BE54-9A1E7A4F7556}") = "C#Detector", "detector\DetectorTest\C#Detector.csproj", "{9B1A08FA-34BD-422B-B00C-8CF412E63984}"
EndProject
Project("{FAE04EC0-301F-11D3-BF4B-00C04F79EFBC}") = "TableUiExtractors", "TableUiExtractors\TableUiExtractors.csproj", "{40D8C0B3-1D98-461E-AF51-A60660DE7282}"
EndProject
Global
	GlobalSection(SolutionConfigurationPlatforms) = preSolution
		Debug|Any CPU = Debug|Any CPU
		Release|Any CPU = Release|Any CPU
	EndGlobalSection
	GlobalSection(ProjectConfigurationPlatforms) = postSolution
		{B84D6333-5F96-4536-A347-A3FD5F171E0B}.Debug|Any CPU.ActiveCfg = Debug|Any CPU
		{B84D6333-5F96-4536-A347-A3FD5F171E0B}.Debug|Any CPU.Build.0 = Debug|Any CPU
		{B84D6333-5F96-4536-A347-A3FD5F171E0B}.Release|Any CPU.ActiveCfg = Release|Any CPU
		{B84D6333-5F96-4536-A347-A3FD5F171E0B}.Release|Any CPU.Build.0 = Release|Any CPU
		{F432D0A9-C3F3-424F-A5EF-6E69034A547F}.Debug|Any CPU.ActiveCfg = Debug|Any CPU
		{F432D0A9-C3F3-424F-A5EF-6E69034A547F}.Debug|Any CPU.Build.0 = Debug|Any CPU
		{F432D0A9-C3F3-424F-A5EF-6E69034A547F}.Release|Any CPU.ActiveCfg = Release|Any CPU
		{F432D0A9-C3F3-424F-A5EF-6E69034A547F}.Release|Any CPU.Build.0 = Release|Any CPU
		{E8C83CD0-3726-4499-B264-62D2DB933068}.Debug|Any CPU.ActiveCfg = Debug|Any CPU
		{E8C83CD0-3726-4499-B264-62D2DB933068}.Debug|Any CPU.Build.0 = Debug|Any CPU
		{E8C83CD0-3726-4499-B264-62D2DB933068}.Release|Any CPU.ActiveCfg = Release|Any CPU
		{E8C83CD0-3726-4499-B264-62D2DB933068}.Release|Any CPU.Build.0 = Release|Any CPU
		{9B1A08FA-34BD-422B-B00C-8CF412E63984}.Debug|Any CPU.ActiveCfg = Debug|Any CPU
		{9B1A08FA-34BD-422B-B00C-8CF412E63984}.Debug|Any CPU.Build.0 = Debug|Any CPU
		{9B1A08FA-34BD-422B-B00C-8CF412E63984}.Release|Any CPU.ActiveCfg = Release|Any CPU
		{9B1A08FA-34BD-422B-B00C-8CF412E63984}.Release|Any CPU.Build.0 = Release|Any CPU
		{40D8C0B3-1D98-461E-AF51-A60660DE7282}.Debug|Any CPU.ActiveCfg = Debug|Any CPU
		{40D8C0B3-1D98-461E-AF51-A60660DE7282}.Debug|Any CPU.Build.0 = Debug|Any CPU
		{40D8C0B3-1D98-461E-AF51-A60660DE7282}.Release|Any CPU.ActiveCfg = Release|Any CPU
		{40D8C0B3-1D98-461E-AF51-A60660DE7282}.Release|Any CPU.Build.0 = Release|Any CPU
	EndGlobalSection
	GlobalSection(SolutionProperties) = preSolution
		HideSolutionNode = FALSE
	EndGlobalSection
	GlobalSection(ExtensibilityGlobals) = postSolution
		SolutionGuid = {58587DDC-3671-4030-9EB9-32E1598D6788}
	EndGlobalSection
EndGlobal
