
Microsoft Visual Studio Solution File, Format Version 12.00
Project("{FAE04EC0-301F-11D3-BF4B-00C04F79EFBC}") = "FirebaseSharp", "FirebaseSharp\FirebaseSharp.csproj", "{7BF774DC-CB36-482E-B00E-11CED57AA18C}"
EndProject
Project("{FAE04EC0-301F-11D3-BF4B-00C04F79EFBC}") = "TableUi", "TableUi\TableUi.csproj", "{E3D80F2B-8CBB-4A8E-82D1-4FBBDDFE2C3B}"
EndProject
Project("{FAE04EC0-301F-11D3-BF4B-00C04F79EFBC}") = "FirebaseTestSpace", "FirebaseTestSpace\FirebaseTestSpace.csproj", "{A911CB0B-478A-4D5C-A211-3B24F70DF984}"
EndProject
Global
	GlobalSection(SolutionConfigurationPlatforms) = preSolution
		Debug|Any CPU = Debug|Any CPU
		Release|Any CPU = Release|Any CPU
	EndGlobalSection
	GlobalSection(ProjectConfigurationPlatforms) = postSolution
		{7BF774DC-CB36-482E-B00E-11CED57AA18C}.Debug|Any CPU.ActiveCfg = Debug|Any CPU
		{7BF774DC-CB36-482E-B00E-11CED57AA18C}.Debug|Any CPU.Build.0 = Debug|Any CPU
		{7BF774DC-CB36-482E-B00E-11CED57AA18C}.Release|Any CPU.ActiveCfg = Release|Any CPU
		{7BF774DC-CB36-482E-B00E-11CED57AA18C}.Release|Any CPU.Build.0 = Release|Any CPU
		{E3D80F2B-8CBB-4A8E-82D1-4FBBDDFE2C3B}.Debug|Any CPU.ActiveCfg = Debug|Any CPU
		{E3D80F2B-8CBB-4A8E-82D1-4FBBDDFE2C3B}.Debug|Any CPU.Build.0 = Debug|Any CPU
		{E3D80F2B-8CBB-4A8E-82D1-4FBBDDFE2C3B}.Release|Any CPU.ActiveCfg = Release|Any CPU
		{E3D80F2B-8CBB-4A8E-82D1-4FBBDDFE2C3B}.Release|Any CPU.Build.0 = Release|Any CPU
		{A911CB0B-478A-4D5C-A211-3B24F70DF984}.Debug|Any CPU.ActiveCfg = Debug|Any CPU
		{A911CB0B-478A-4D5C-A211-3B24F70DF984}.Debug|Any CPU.Build.0 = Debug|Any CPU
		{A911CB0B-478A-4D5C-A211-3B24F70DF984}.Release|Any CPU.ActiveCfg = Release|Any CPU
		{A911CB0B-478A-4D5C-A211-3B24F70DF984}.Release|Any CPU.Build.0 = Release|Any CPU
	EndGlobalSection
EndGlobal
